
Microsoft Visual Studio Solution File, Format Version 12.00
# Visual Studio Version 17
VisualStudioVersion = 17.5.33502.453
MinimumVisualStudioVersion = 10.0.40219.1
Project("{FAE04EC0-301F-11D3-BF4B-00C04F79EFBC}") = "lesohem", "lesohem\lesohem.csproj", "{FFF45C80-C84D-4E66-85CC-A13513287411}"
EndProject
Global
	GlobalSection(SolutionConfigurationPlatforms) = preSolution
		Debug|Any CPU = Debug|Any CPU
		Release|Any CPU = Release|Any CPU
	EndGlobalSection
	GlobalSection(ProjectConfigurationPlatforms) = postSolution
		{FFF45C80-C84D-4E66-85CC-A13513287411}.Debug|Any CPU.ActiveCfg = Debug|Any CPU
		{FFF45C80-C84D-4E66-85CC-A13513287411}.Debug|Any CPU.Build.0 = Debug|Any CPU
		{FFF45C80-C84D-4E66-85CC-A13513287411}.Release|Any CPU.ActiveCfg = Release|Any CPU
		{FFF45C80-C84D-4E66-85CC-A13513287411}.Release|Any CPU.Build.0 = Release|Any CPU
	EndGlobalSection
	GlobalSection(SolutionProperties) = preSolution
		HideSolutionNode = FALSE
	EndGlobalSection
	GlobalSection(ExtensibilityGlobals) = postSolution
		SolutionGuid = {1CD63EFD-9DF0-40D6-BBE5-0D6496762A6C}
	EndGlobalSection
EndGlobal
